// !$*UTF8*$!
{
	archiveVersion = 1;
	classes = {
	};
	objectVersion = 46;
	objects = {

/* Begin PBXBuildFile section */
		330081C61E8A5FDA00BD4757 /* AppDelegate.swift in Sources */ = {isa = PBXBuildFile; fileRef = 330081C51E8A5FDA00BD4757 /* AppDelegate.swift */; };
		330081C81E8A5FDA00BD4757 /* ViewController.swift in Sources */ = {isa = PBXBuildFile; fileRef = 330081C71E8A5FDA00BD4757 /* ViewController.swift */; };
		330081CB1E8A5FDA00BD4757 /* Main.storyboard in Resources */ = {isa = PBXBuildFile; fileRef = 330081C91E8A5FDA00BD4757 /* Main.storyboard */; };
		330081CD1E8A5FDA00BD4757 /* Assets.xcassets in Resources */ = {isa = PBXBuildFile; fileRef = 330081CC1E8A5FDA00BD4757 /* Assets.xcassets */; };
		330081D01E8A5FDA00BD4757 /* LaunchScreen.storyboard in Resources */ = {isa = PBXBuildFile; fileRef = 330081CE1E8A5FDA00BD4757 /* LaunchScreen.storyboard */; };
/* End PBXBuildFile section */

/* Begin PBXFileReference section */
		330081C21E8A5FDA00BD4757 /* RuningWord.app */ = {isa = PBXFileReference; explicitFileType = wrapper.application; includeInIndex = 0; path = RuningWord.app; sourceTree = BUILT_PRODUCTS_DIR; };
		330081C51E8A5FDA00BD4757 /* AppDelegate.swift */ = {isa = PBXFileReference; lastKnownFileType = sourcecode.swift; path = AppDelegate.swift; sourceTree = "<group>"; };
		330081C71E8A5FDA00BD4757 /* ViewController.swift */ = {isa = PBXFileReference; lastKnownFileType = sourcecode.swift; path = ViewController.swift; sourceTree = "<group>"; };
		330081CA1E8A5FDA00BD4757 /* Base */ = {isa = PBXFileReference; lastKnownFileType = file.storyboard; name = Base; path = Base.lproj/Main.storyboard; sourceTree = "<group>"; };
		330081CC1E8A5FDA00BD4757 /* Assets.xcassets */ = {isa = PBXFileReference; lastKnownFileType = folder.assetcatalog; path = Assets.xcassets; sourceTree = "<group>"; };
		330081CF1E8A5FDA00BD4757 /* Base */ = {isa = PBXFileReference; lastKnownFileType = file.storyboard; name = Base; path = Base.lproj/LaunchScreen.storyboard; sourceTree = "<group>"; };
		330081D11E8A5FDA00BD4757 /* Info.plist */ = {isa = PBXFileReference; lastKnownFileType = text.plist.xml; path = Info.plist; sourceTree = "<group>"; };
/* End PBXFileReference section */

/* Begin PBXFrameworksBuildPhase section */
		330081BF1E8A5FDA00BD4757 /* Frameworks */ = {
			isa = PBXFrameworksBuildPhase;
			buildActionMask = 2147483647;
			files = (
			);
			runOnlyForDeploymentPostprocessing = 0;
		};
/* End PBXFrameworksBuildPhase section */

/* Begin PBXGroup section */
		330081B91E8A5FDA00BD4757 = {
			isa = PBXGroup;
			children = (
				330081C41E8A5FDA00BD4757 /* RuningWord */,
				330081C31E8A5FDA00BD4757 /* Products */,
			);
			sourceTree = "<group>";
		};
		330081C31E8A5FDA00BD4757 /* Products */ = {
			isa = PBXGroup;
			children = (
				330081C21E8A5FDA00BD4757 /* RuningWord.app */,
			);
			name = Products;
			sourceTree = "<group>";
		};
		330081C41E8A5FDA00BD4757 /* RuningWord */ = {
			isa = PBXGroup;
			children = (
				330081C51E8A5FDA00BD4757 /* AppDelegate.swift */,
				330081C71E8A5FDA00BD4757 /* ViewController.swift */,
				330081C91E8A5FDA00BD4757 /* Main.storyboard */,
				330081CC1E8A5FDA00BD4757 /* Assets.xcassets */,
				330081CE1E8A5FDA00BD4757 /* LaunchScreen.storyboard */,
				330081D11E8A5FDA00BD4757 /* Info.plist */,
			);
			path = RuningWord;
			sourceTree = "<group>";
		};
/* End PBXGroup section */

/* Begin PBXNativeTarget section */
		330081C11E8A5FDA00BD4757 /* RuningWord */ = {
			isa = PBXNativeTarget;
			buildConfigurationList = 330081D41E8A5FDA00BD4757 /* Build configuration list for PBXNativeTarget "RuningWord" */;
			buildPhases = (
				330081BE1E8A5FDA00BD4757 /* Sources */,
				330081BF1E8A5FDA00BD4757 /* Frameworks */,
				330081C01E8A5FDA00BD4757 /* Resources */,
			);
			buildRules = (
			);
			dependencies = (
			);
			name = RuningWord;
			productName = RuningWord;
			productReference = 330081C21E8A5FDA00BD4757 /* RuningWord.app */;
			productType = "com.apple.product-type.application";
		};
/* End PBXNativeTarget section */

/* Begin PBXProject section */
		330081BA1E8A5FDA00BD4757 /* Project object */ = {
			isa = PBXProject;
			attributes = {
				LastSwiftUpdateCheck = 0820;
				LastUpgradeCheck = 0820;
				ORGANIZATIONNAME = "huan huan";
				TargetAttributes = {
					330081C11E8A5FDA00BD4757 = {
						CreatedOnToolsVersion = 8.2.1;
						DevelopmentTeam = U5QU4Y9327;
						ProvisioningStyle = Automatic;
					};
				};
			};
			buildConfigurationList = 330081BD1E8A5FDA00BD4757 /* Build configuration list for PBXProject "RuningWord" */;
			compatibilityVersion = "Xcode 3.2";
			developmentRegion = English;
			hasScannedForEncodings = 0;
			knownRegions = (
				en,
				Base,
			);
			mainGroup = 330081B91E8A5FDA00BD4757;
			productRefGroup = 330081C31E8A5FDA00BD4757 /* Products */;
			projectDirPath = "";
			projectRoot = "";
			targets = (
				330081C11E8A5FDA00BD4757 /* RuningWord */,
			);
		};
/* End PBXProject section */

/* Begin PBXResourcesBuildPhase section */
		330081C01E8A5FDA00BD4757 /* Resources */ = {
			isa = PBXResourcesBuildPhase;
			buildActionMask = 2147483647;
			files = (
				330081D01E8A5FDA00BD4757 /* LaunchScreen.storyboard in Resources */,
				330081CD1E8A5FDA00BD4757 /* Assets.xcassets in Resources */,
				330081CB1E8A5FDA00BD4757 /* Main.storyboard in Resources */,
			);
			runOnlyForDeploymentPostprocessing = 0;
		};
/* End PBXResourcesBuildPhase section */

/* Begin PBXSourcesBuildPhase section */
		330081BE1E8A5FDA00BD4757 /* Sources */ = {
			isa = PBXSourcesBuildPhase;
			buildActionMask = 2147483647;
			files = (
				330081C81E8A5FDA00BD4757 /* ViewController.swift in Sources */,
				330081C61E8A5FDA00BD4757 /* AppDelegate.swift in Sources */,
			);
			runOnlyForDeploymentPostprocessing = 0;
		};
/* End PBXSourcesBuildPhase section */

/* Begin PBXVariantGroup section */
		330081C91E8A5FDA00BD4757 /* Main.storyboard */ = {
			isa = PBXVariantGroup;
			children = (
				330081CA1E8A5FDA00BD4757 /* Base */,
			);
			name = Main.storyboard;
			sourceTree = "<group>";
		};
		330081CE1E8A5FDA00BD4757 /* LaunchScreen.storyboard */ = {
			isa = PBXVariantGroup;
			children = (
				330081CF1E8A5FDA00BD4757 /* Base */,
			);
			name = LaunchScreen.storyboard;
			sourceTree = "<group>";
		};
/* End PBXVariantGroup section */

/* Begin XCBuildConfiguration section */
		330081D21E8A5FDA00BD4757 /* Debug */ = {
			isa = XCBuildConfiguration;
			buildSettings = {
				ALWAYS_SEARCH_USER_PATHS = NO;
				CLANG_ANALYZER_NONNULL = YES;
				CLANG_CXX_LANGUAGE_STANDARD = "gnu++0x";
				CLANG_CXX_LIBRARY = "libc++";
				CLANG_ENABLE_MODULES = YES;
				CLANG_ENABLE_OBJC_ARC = YES;
				CLANG_WARN_BOOL_CONVERSION = YES;
				CLANG_WARN_CONSTANT_CONVERSION = YES;
				CLANG_WARN_DIRECT_OBJC_ISA_USAGE = YES_ERROR;
				CLANG_WARN_DOCUMENTATION_COMMENTS = YES;
				CLANG_WARN_EMPTY_BODY = YES;
				CLANG_WARN_ENUM_CONVERSION = YES;
				CLANG_WARN_INFINITE_RECURSION = YES;
				CLANG_WARN_INT_CONVERSION = YES;
				CLANG_WARN_OBJC_ROOT_CLASS = YES_ERROR;
				CLANG_WARN_SUSPICIOUS_MOVE = YES;
				CLANG_WARN_UNREACHABLE_CODE = YES;
				CLANG_WARN__DUPLICATE_METHOD_MATCH = YES;
				"CODE_SIGN_IDENTITY[sdk=iphoneos*]" = "iPhone Developer";
				COPY_PHASE_STRIP = NO;
				DEBUG_INFORMATION_FORMAT = dwarf;
				ENABLE_STRICT_OBJC_MSGSEND = YES;
				ENABLE_TESTABILITY = YES;
				GCC_C_LANGUAGE_STANDARD = gnu99;
				GCC_DYNAMIC_NO_PIC = NO;
				GCC_NO_COMMON_BLOCKS = YES;
				GCC_OPTIMIZATION_LEVEL = 0;
				GCC_PREPROCESSOR_DEFINITIONS = (
					"DEBUG=1",
					"$(inherited)",
				);
				GCC_WARN_64_TO_32_BIT_CONVERSION = YES;
				GCC_WARN_ABOUT_RETURN_TYPE = YES_ERROR;
				GCC_WARN_UNDECLARED_SELECTOR = YES;
				GCC_WARN_UNINITIALIZED_AUTOS = YES_AGGRESSIVE;
				GCC_WARN_UNUSED_FUNCTION = YES;
				GCC_WARN_UNUSED_VARIABLE = YES;
				IPHONEOS_DEPLOYMENT_TARGET = 10.2;
				MTL_ENABLE_DEBUG_INFO = YES;
				ONLY_ACTIVE_ARCH = YES;
				SDKROOT = iphoneos;
				SWIFT_ACTIVE_COMPILATION_CONDITIONS = DEBUG;
				SWIFT_OPTIMIZATION_LEVEL = "-Onone";
			};
			name = Debug;
		};
		330081D31E8A5FDA00BD4757 /* Release */ = {
			isa = XCBuildConfiguration;
			buildSettings = {
				ALWAYS_SEARCH_USER_PATHS = NO;
				CLANG_ANALYZER_NONNULL = YES;
				CLANG_CXX_LANGUAGE_STANDARD = "gnu++0x";
				CLANG_CXX_LIBRARY = "libc++";
				CLANG_ENABLE_MODULES = YES;
				CLANG_ENABLE_OBJC_ARC = YES;
				CLANG_WARN_BOOL_CONVERSION = YES;
				CLANG_WARN_CONSTANT_CONVERSION = YES;
				CLANG_WARN_DIRECT_OBJC_ISA_USAGE = YES_ERROR;
				CLANG_WARN_DOCUMENTATION_COMMENTS = YES;
				CLANG_WARN_EMPTY_BODY = YES;
				CLANG_WARN_ENUM_CONVERSION = YES;
				CLANG_WARN_INFINITE_RECURSION = YES;
				CLANG_WARN_INT_CONVERSION = YES;
				CLANG_WARN_OBJC_ROOT_CLASS = YES_ERROR;
				CLANG_WARN_SUSPICIOUS_MOVE = YES;
				CLANG_WARN_UNREACHABLE_CODE = YES;
				CLANG_WARN__DUPLICATE_METHOD_MATCH = YES;
				"CODE_SIGN_IDENTITY[sdk=iphoneos*]" = "iPhone Developer";
				COPY_PHASE_STRIP = NO;
				DEBUG_INFORMATION_FORMAT = "dwarf-with-dsym";
				ENABLE_NS_ASSERTIONS = NO;
				ENABLE_STRICT_OBJC_MSGSEND = YES;
				GCC_C_LANGUAGE_STANDARD = gnu99;
				GCC_NO_COMMON_BLOCKS = YES;
				GCC_WARN_64_TO_32_BIT_CONVERSION = YES;
				GCC_WARN_ABOUT_RETURN_TYPE = YES_ERROR;
				GCC_WARN_UNDECLARED_SELECTOR = YES;
				GCC_WARN_UNINITIALIZED_AUTOS = YES_AGGRESSIVE;
				GCC_WARN_UNUSED_FUNCTION = YES;
				GCC_WARN_UNUSED_VARIABLE = YES;
				IPHONEOS_DEPLOYMENT_TARGET = 10.2;
				MTL_ENABLE_DEBUG_INFO = NO;
				SDKROOT = iphoneos;
				SWIFT_OPTIMIZATION_LEVEL = "-Owholemodule";
				VALIDATE_PRODUCT = YES;
			};
			name = Release;
		};
		330081D51E8A5FDA00BD4757 /* Debug */ = {
			isa = XCBuildConfiguration;
			buildSettings = {
				ASSETCATALOG_COMPILER_APPICON_NAME = AppIcon;
				DEVELOPMENT_TEAM = U5QU4Y9327;
				INFOPLIST_FILE = RuningWord/Info.plist;
				LD_RUNPATH_SEARCH_PATHS = "$(inherited) @executable_path/Frameworks";
				PRODUCT_BUNDLE_IDENTIFIER = duyhuan.RuningWord;
				PRODUCT_NAME = "$(TARGET_NAME)";
				SWIFT_VERSION = 3.0;
			};
			name = Debug;
		};
		330081D61E8A5FDA00BD4757 /* Release */ = {
			isa = XCBuildConfiguration;
			buildSettings = {
				ASSETCATALOG_COMPILER_APPICON_NAME = AppIcon;
				DEVELOPMENT_TEAM = U5QU4Y9327;
				INFOPLIST_FILE = RuningWord/Info.plist;
				LD_RUNPATH_SEARCH_PATHS = "$(inherited) @executable_path/Frameworks";
				PRODUCT_BUNDLE_IDENTIFIER = duyhuan.RuningWord;
				PRODUCT_NAME = "$(TARGET_NAME)";
				SWIFT_VERSION = 3.0;
			};
			name = Release;
		};
/* End XCBuildConfiguration section */

/* Begin XCConfigurationList section */
		330081BD1E8A5FDA00BD4757 /* Build configuration list for PBXProject "RuningWord" */ = {
			isa = XCConfigurationList;
			buildConfigurations = (
				330081D21E8A5FDA00BD4757 /* Debug */,
				330081D31E8A5FDA00BD4757 /* Release */,
			);
			defaultConfigurationIsVisible = 0;
			defaultConfigurationName = Release;
		};
		330081D41E8A5FDA00BD4757 /* Build configuration list for PBXNativeTarget "RuningWord" */ = {
			isa = XCConfigurationList;
			buildConfigurations = (
				330081D51E8A5FDA00BD4757 /* Debug */,
				330081D61E8A5FDA00BD4757 /* Release */,
			);
			defaultConfigurationIsVisible = 0;
		};
/* End XCConfigurationList section */
	};
	rootObject = 330081BA1E8A5FDA00BD4757 /* Project object */;
}
